{
  "name": "init-kafka",
  "version": "1.0.0",
  "lockfileVersion": 1,
  "requires": true,
  "dependencies": {
    "@redlink/tm-annotation-store-api": {
      "version": "2.0.31",
      "resolved": "https://registry.npmjs.org/@redlink/tm-annotation-store-api/-/tm-annotation-store-api-2.0.31.tgz",
      "integrity": "sha512-e9JTZ3D9qeh86ULmDe5+l2JEpFtrjqJ2LZbvnNfJw82qBDa2XlEJ4HZbi/7K5UADN3tR9ETGqmIriy837s0hVw=="
    },
    "axios": {
      "version": "0.26.0",
      "resolved": "https://registry.npmjs.org/axios/-/axios-0.26.0.tgz",
      "integrity": "sha512-lKoGLMYtHvFrPVt3r+RBMp9nh34N0M8zEfCWqdWZx6phynIEhQqAdydpyBAAG211zlhX9Rgu08cOamy6XjE5Og==",
      "requires": {
        "follow-redirects": "^1.14.8"
      }
    },
    "follow-redirects": {
      "version": "1.14.9",
      "resolved": "https://registry.npmjs.org/follow-redirects/-/follow-redirects-1.14.9.tgz",
      "integrity": "sha512-MQDfihBQYMcyy5dhRDJUHcw7lb2Pv/TuE6xP1vyraLukNDHKbDxDNaOE3NbCAdKQApno+GPRyo1YAp89yCjK4w=="
    }
  }
}
